
Microsoft Visual Studio Solution File, Format Version 12.00
# Visual Studio 15
VisualStudioVersion = 15.0.33529.398
MinimumVisualStudioVersion = 10.0.40219.1
Project("{FAE04EC0-301F-11D3-BF4B-00C04F79EFBC}") = "BAITAPCOBAN_KIEMLOI2", "BAITAPCOBAN_KIEMLOI2\BAITAPCOBAN_KIEMLOI2.csproj", "{D880FF32-4DE2-4A8D-8E6F-5E4995339BBC}"
EndProject
Global
	GlobalSection(SolutionConfigurationPlatforms) = preSolution
		Debug|Any CPU = Debug|Any CPU
		Release|Any CPU = Release|Any CPU
	EndGlobalSection
	GlobalSection(ProjectConfigurationPlatforms) = postSolution
		{D880FF32-4DE2-4A8D-8E6F-5E4995339BBC}.Debug|Any CPU.ActiveCfg = Debug|Any CPU
		{D880FF32-4DE2-4A8D-8E6F-5E4995339BBC}.Debug|Any CPU.Build.0 = Debug|Any CPU
		{D880FF32-4DE2-4A8D-8E6F-5E4995339BBC}.Release|Any CPU.ActiveCfg = Release|Any CPU
		{D880FF32-4DE2-4A8D-8E6F-5E4995339BBC}.Release|Any CPU.Build.0 = Release|Any CPU
	EndGlobalSection
	GlobalSection(SolutionProperties) = preSolution
		HideSolutionNode = FALSE
	EndGlobalSection
	GlobalSection(ExtensibilityGlobals) = postSolution
		SolutionGuid = {D7558684-80FC-4CE3-BB65-00468B2B8F9B}
	EndGlobalSection
EndGlobal
