
Microsoft Visual Studio Solution File, Format Version 12.00
# Visual Studio 15
VisualStudioVersion = 15.0.33529.398
MinimumVisualStudioVersion = 10.0.40219.1
Project("{FAE04EC0-301F-11D3-BF4B-00C04F79EFBC}") = "CHUONG4_BAI3", "CHUONG4_BAI3\CHUONG4_BAI3.csproj", "{C4D1991E-E78C-4732-98DA-0EDEC303A56B}"
EndProject
Global
	GlobalSection(SolutionConfigurationPlatforms) = preSolution
		Debug|Any CPU = Debug|Any CPU
		Release|Any CPU = Release|Any CPU
	EndGlobalSection
	GlobalSection(ProjectConfigurationPlatforms) = postSolution
		{C4D1991E-E78C-4732-98DA-0EDEC303A56B}.Debug|Any CPU.ActiveCfg = Debug|Any CPU
		{C4D1991E-E78C-4732-98DA-0EDEC303A56B}.Debug|Any CPU.Build.0 = Debug|Any CPU
		{C4D1991E-E78C-4732-98DA-0EDEC303A56B}.Release|Any CPU.ActiveCfg = Release|Any CPU
		{C4D1991E-E78C-4732-98DA-0EDEC303A56B}.Release|Any CPU.Build.0 = Release|Any CPU
	EndGlobalSection
	GlobalSection(SolutionProperties) = preSolution
		HideSolutionNode = FALSE
	EndGlobalSection
	GlobalSection(ExtensibilityGlobals) = postSolution
		SolutionGuid = {41665CDC-AC7D-4D2D-88BB-CFE2C6BEDC61}
	EndGlobalSection
EndGlobal
